
Microsoft Visual Studio Solution File, Format Version 12.00
Project("{FAE04EC0-301F-11D3-BF4B-00C04F79EFBC}") = "ExceptionHandlerMidleware", "ExceptionHandlerMidleware\ExceptionHandlerMidleware.csproj", "{B724034C-429E-4A47-94BC-A0C3C4C39112}"
EndProject
Global
	GlobalSection(SolutionConfigurationPlatforms) = preSolution
		Debug|Any CPU = Debug|Any CPU
		Release|Any CPU = Release|Any CPU
	EndGlobalSection
	GlobalSection(ProjectConfigurationPlatforms) = postSolution
		{B724034C-429E-4A47-94BC-A0C3C4C39112}.Debug|Any CPU.ActiveCfg = Debug|Any CPU
		{B724034C-429E-4A47-94BC-A0C3C4C39112}.Debug|Any CPU.Build.0 = Debug|Any CPU
		{B724034C-429E-4A47-94BC-A0C3C4C39112}.Release|Any CPU.ActiveCfg = Release|Any CPU
		{B724034C-429E-4A47-94BC-A0C3C4C39112}.Release|Any CPU.Build.0 = Release|Any CPU
	EndGlobalSection
EndGlobal
