
Microsoft Visual Studio Solution File, Format Version 12.00
Project("{FAE04EC0-301F-11D3-BF4B-00C04F79EFBC}") = "UsingDifferentEnvironments", "UsingDifferentEnvironments\UsingDifferentEnvironments.csproj", "{B859D4D4-8E91-4E60-8D8B-78C9A7CEDDF7}"
EndProject
Global
	GlobalSection(SolutionConfigurationPlatforms) = preSolution
		Debug|Any CPU = Debug|Any CPU
		Release|Any CPU = Release|Any CPU
	EndGlobalSection
	GlobalSection(ProjectConfigurationPlatforms) = postSolution
		{B859D4D4-8E91-4E60-8D8B-78C9A7CEDDF7}.Debug|Any CPU.ActiveCfg = Debug|Any CPU
		{B859D4D4-8E91-4E60-8D8B-78C9A7CEDDF7}.Debug|Any CPU.Build.0 = Debug|Any CPU
		{B859D4D4-8E91-4E60-8D8B-78C9A7CEDDF7}.Release|Any CPU.ActiveCfg = Release|Any CPU
		{B859D4D4-8E91-4E60-8D8B-78C9A7CEDDF7}.Release|Any CPU.Build.0 = Release|Any CPU
	EndGlobalSection
EndGlobal
