
Microsoft Visual Studio Solution File, Format Version 12.00
Project("{FAE04EC0-301F-11D3-BF4B-00C04F79EFBC}") = "ExampleBinding_EditProduct", "ExampleBinding_EditProduct\ExampleBinding_EditProduct.csproj", "{489627BB-4DC2-4293-AA9A-1786BB205AEE}"
EndProject
Global
	GlobalSection(SolutionConfigurationPlatforms) = preSolution
		Debug|Any CPU = Debug|Any CPU
		Release|Any CPU = Release|Any CPU
	EndGlobalSection
	GlobalSection(ProjectConfigurationPlatforms) = postSolution
		{489627BB-4DC2-4293-AA9A-1786BB205AEE}.Debug|Any CPU.ActiveCfg = Debug|Any CPU
		{489627BB-4DC2-4293-AA9A-1786BB205AEE}.Debug|Any CPU.Build.0 = Debug|Any CPU
		{489627BB-4DC2-4293-AA9A-1786BB205AEE}.Release|Any CPU.ActiveCfg = Release|Any CPU
		{489627BB-4DC2-4293-AA9A-1786BB205AEE}.Release|Any CPU.Build.0 = Release|Any CPU
	EndGlobalSection
EndGlobal
