
Microsoft Visual Studio Solution File, Format Version 12.00
Project("{FAE04EC0-301F-11D3-BF4B-00C04F79EFBC}") = "RecipeApplication_SQLite_Logging", "RecipeApplication_SQLite_Logging\RecipeApplication_SQLite_Logging.csproj", "{F312447F-E8F0-4567-915B-B88F290AE4D4}"
EndProject
Global
	GlobalSection(SolutionConfigurationPlatforms) = preSolution
		Debug|Any CPU = Debug|Any CPU
		Release|Any CPU = Release|Any CPU
	EndGlobalSection
	GlobalSection(ProjectConfigurationPlatforms) = postSolution
		{F312447F-E8F0-4567-915B-B88F290AE4D4}.Debug|Any CPU.ActiveCfg = Debug|Any CPU
		{F312447F-E8F0-4567-915B-B88F290AE4D4}.Debug|Any CPU.Build.0 = Debug|Any CPU
		{F312447F-E8F0-4567-915B-B88F290AE4D4}.Release|Any CPU.ActiveCfg = Release|Any CPU
		{F312447F-E8F0-4567-915B-B88F290AE4D4}.Release|Any CPU.Build.0 = Release|Any CPU
	EndGlobalSection
EndGlobal
