
Microsoft Visual Studio Solution File, Format Version 12.00
Project("{FAE04EC0-301F-11D3-BF4B-00C04F79EFBC}") = "RecipeApplication_SQLite4", "RecipeApplication_SQLite4\RecipeApplication_SQLite4.csproj", "{DC32F8CE-4A74-456F-977A-F22C26446B3B}"
EndProject
Project("{FAE04EC0-301F-11D3-BF4B-00C04F79EFBC}") = "RecipeApplication_SQLite4.Test", "RecipeApplication_SQLite4.Test\RecipeApplication_SQLite4.Test.csproj", "{6AB3E2A6-A9E3-4BCE-9393-B63F752F3B8F}"
EndProject
Global
	GlobalSection(SolutionConfigurationPlatforms) = preSolution
		Debug|Any CPU = Debug|Any CPU
		Release|Any CPU = Release|Any CPU
	EndGlobalSection
	GlobalSection(ProjectConfigurationPlatforms) = postSolution
		{DC32F8CE-4A74-456F-977A-F22C26446B3B}.Debug|Any CPU.ActiveCfg = Debug|Any CPU
		{DC32F8CE-4A74-456F-977A-F22C26446B3B}.Debug|Any CPU.Build.0 = Debug|Any CPU
		{DC32F8CE-4A74-456F-977A-F22C26446B3B}.Release|Any CPU.ActiveCfg = Release|Any CPU
		{DC32F8CE-4A74-456F-977A-F22C26446B3B}.Release|Any CPU.Build.0 = Release|Any CPU
		{6AB3E2A6-A9E3-4BCE-9393-B63F752F3B8F}.Debug|Any CPU.ActiveCfg = Debug|Any CPU
		{6AB3E2A6-A9E3-4BCE-9393-B63F752F3B8F}.Debug|Any CPU.Build.0 = Debug|Any CPU
		{6AB3E2A6-A9E3-4BCE-9393-B63F752F3B8F}.Release|Any CPU.ActiveCfg = Release|Any CPU
		{6AB3E2A6-A9E3-4BCE-9393-B63F752F3B8F}.Release|Any CPU.Build.0 = Release|Any CPU
	EndGlobalSection
EndGlobal
