
Microsoft Visual Studio Solution File, Format Version 12.00
Project("{FAE04EC0-301F-11D3-BF4B-00C04F79EFBC}") = "ApiControllerAttribute", "ApiControllerAttribute\ApiControllerAttribute.csproj", "{BAF7A0D9-C0A8-4074-A759-67BD2B8FA5F3}"
EndProject
Global
	GlobalSection(SolutionConfigurationPlatforms) = preSolution
		Debug|Any CPU = Debug|Any CPU
		Release|Any CPU = Release|Any CPU
	EndGlobalSection
	GlobalSection(ProjectConfigurationPlatforms) = postSolution
		{BAF7A0D9-C0A8-4074-A759-67BD2B8FA5F3}.Debug|Any CPU.ActiveCfg = Debug|Any CPU
		{BAF7A0D9-C0A8-4074-A759-67BD2B8FA5F3}.Debug|Any CPU.Build.0 = Debug|Any CPU
		{BAF7A0D9-C0A8-4074-A759-67BD2B8FA5F3}.Release|Any CPU.ActiveCfg = Release|Any CPU
		{BAF7A0D9-C0A8-4074-A759-67BD2B8FA5F3}.Release|Any CPU.Build.0 = Release|Any CPU
	EndGlobalSection
EndGlobal
