
Microsoft Visual Studio Solution File, Format Version 12.00
Project("{FAE04EC0-301F-11D3-BF4B-00C04F79EFBC}") = "FindingAView", "FindingAView\FindingAView.csproj", "{89FE8A2E-A915-496E-B847-DAEE296A9254}"
EndProject
Global
	GlobalSection(SolutionConfigurationPlatforms) = preSolution
		Debug|Any CPU = Debug|Any CPU
		Release|Any CPU = Release|Any CPU
	EndGlobalSection
	GlobalSection(ProjectConfigurationPlatforms) = postSolution
		{89FE8A2E-A915-496E-B847-DAEE296A9254}.Debug|Any CPU.ActiveCfg = Debug|Any CPU
		{89FE8A2E-A915-496E-B847-DAEE296A9254}.Debug|Any CPU.Build.0 = Debug|Any CPU
		{89FE8A2E-A915-496E-B847-DAEE296A9254}.Release|Any CPU.ActiveCfg = Release|Any CPU
		{89FE8A2E-A915-496E-B847-DAEE296A9254}.Release|Any CPU.Build.0 = Release|Any CPU
	EndGlobalSection
EndGlobal
